
Microsoft Visual Studio Solution File, Format Version 12.00
# Visual Studio Version 16
VisualStudioVersion = 16.0.31727.386
MinimumVisualStudioVersion = 10.0.40219.1
Project("{8BC9CEB8-8B4A-11D0-8D11-00A0C91BC942}") = "ASD_1", "ASD_1.vcxproj", "{1DB7B4E3-3EA5-4BF2-803A-F619DD544DEA}"
EndProject
Global
	GlobalSection(SolutionConfigurationPlatforms) = preSolution
		Debug|x64 = Debug|x64
		Debug|x86 = Debug|x86
		Release|x64 = Release|x64
		Release|x86 = Release|x86
	EndGlobalSection
	GlobalSection(ProjectConfigurationPlatforms) = postSolution
		{1DB7B4E3-3EA5-4BF2-803A-F619DD544DEA}.Debug|x64.ActiveCfg = Debug|x64
		{1DB7B4E3-3EA5-4BF2-803A-F619DD544DEA}.Debug|x64.Build.0 = Debug|x64
		{1DB7B4E3-3EA5-4BF2-803A-F619DD544DEA}.Debug|x86.ActiveCfg = Debug|Win32
		{1DB7B4E3-3EA5-4BF2-803A-F619DD544DEA}.Debug|x86.Build.0 = Debug|Win32
		{1DB7B4E3-3EA5-4BF2-803A-F619DD544DEA}.Release|x64.ActiveCfg = Release|x64
		{1DB7B4E3-3EA5-4BF2-803A-F619DD544DEA}.Release|x64.Build.0 = Release|x64
		{1DB7B4E3-3EA5-4BF2-803A-F619DD544DEA}.Release|x86.ActiveCfg = Release|Win32
		{1DB7B4E3-3EA5-4BF2-803A-F619DD544DEA}.Release|x86.Build.0 = Release|Win32
	EndGlobalSection
	GlobalSection(SolutionProperties) = preSolution
		HideSolutionNode = FALSE
	EndGlobalSection
	GlobalSection(ExtensibilityGlobals) = postSolution
		SolutionGuid = {4C241160-F56C-4CB8-BF5D-9825DD4B2AC4}
	EndGlobalSection
EndGlobal
